# This file is automatically @generated by Cargo.
# It is not intended for manual editing.
version = 4

[[package]]
name = "deterministic-trigonometry"
version = "0.1.1"
source = "registry+https://github.com/rust-lang/crates.io-index"
checksum = "970dec1b85309fe998b798317b1c221ff48daf5c174c2bfa539f49db1597796e"

[[package]]
name = "dubins-deterministic"
version = "0.2.0"
dependencies = [
 "deterministic-trigonometry",
]
